
Microsoft Visual Studio Solution File, Format Version 12.00
# Visual Studio 15
VisualStudioVersion = 15.0.28307.438
MinimumVisualStudioVersion = 10.0.40219.1
Project("{FAE04EC0-301F-11D3-BF4B-00C04F79EFBC}") = "WMS", "WMS\WMS.csproj", "{A1F0BFBB-C520-4E17-92AF-4420EFB9B145}"
EndProject
Project("{FAE04EC0-301F-11D3-BF4B-00C04F79EFBC}") = "GlobalObject", "GlobalObject\GlobalObject.csproj", "{8F59A529-A02C-4A0B-BDE1-00669585ECE2}"
EndProject
Global
	GlobalSection(SolutionConfigurationPlatforms) = preSolution
		Debug|Any CPU = Debug|Any CPU
		Release|Any CPU = Release|Any CPU
	EndGlobalSection
	GlobalSection(ProjectConfigurationPlatforms) = postSolution
		{A1F0BFBB-C520-4E17-92AF-4420EFB9B145}.Debug|Any CPU.ActiveCfg = Debug|Any CPU
		{A1F0BFBB-C520-4E17-92AF-4420EFB9B145}.Debug|Any CPU.Build.0 = Debug|Any CPU
		{A1F0BFBB-C520-4E17-92AF-4420EFB9B145}.Release|Any CPU.ActiveCfg = Release|Any CPU
		{A1F0BFBB-C520-4E17-92AF-4420EFB9B145}.Release|Any CPU.Build.0 = Release|Any CPU
		{8F59A529-A02C-4A0B-BDE1-00669585ECE2}.Debug|Any CPU.ActiveCfg = Debug|Any CPU
		{8F59A529-A02C-4A0B-BDE1-00669585ECE2}.Debug|Any CPU.Build.0 = Debug|Any CPU
		{8F59A529-A02C-4A0B-BDE1-00669585ECE2}.Release|Any CPU.ActiveCfg = Release|Any CPU
		{8F59A529-A02C-4A0B-BDE1-00669585ECE2}.Release|Any CPU.Build.0 = Release|Any CPU
	EndGlobalSection
	GlobalSection(SolutionProperties) = preSolution
		HideSolutionNode = FALSE
	EndGlobalSection
	GlobalSection(ExtensibilityGlobals) = postSolution
		SolutionGuid = {F3F1D6F2-A29C-449D-940E-9A0E1957B6DF}
	EndGlobalSection
EndGlobal
